
Microsoft Visual Studio Solution File, Format Version 12.00
# Visual Studio 15
VisualStudioVersion = 15.0.27004.2002
MinimumVisualStudioVersion = 10.0.40219.1
Project("{8BC9CEB8-8B4A-11D0-8D11-00A0C91BC942}") = "Lab2", "Lab2\Lab2.vcxproj", "{A7DEE1A2-B1C6-48D4-8334-84FF58DF0007}"
EndProject
Project("{8BC9CEB8-8B4A-11D0-8D11-00A0C91BC942}") = "LongIntegers", "LongIntegers\LongIntegers.vcxproj", "{FD899433-9190-48DA-819B-2226835406CE}"
EndProject
Global
	GlobalSection(SolutionConfigurationPlatforms) = preSolution
		Debug|x64 = Debug|x64
		Debug|x86 = Debug|x86
		Release|x64 = Release|x64
		Release|x86 = Release|x86
	EndGlobalSection
	GlobalSection(ProjectConfigurationPlatforms) = postSolution
		{A7DEE1A2-B1C6-48D4-8334-84FF58DF0007}.Debug|x64.ActiveCfg = Debug|x64
		{A7DEE1A2-B1C6-48D4-8334-84FF58DF0007}.Debug|x64.Build.0 = Debug|x64
		{A7DEE1A2-B1C6-48D4-8334-84FF58DF0007}.Debug|x86.ActiveCfg = Debug|Win32
		{A7DEE1A2-B1C6-48D4-8334-84FF58DF0007}.Debug|x86.Build.0 = Debug|Win32
		{A7DEE1A2-B1C6-48D4-8334-84FF58DF0007}.Release|x64.ActiveCfg = Release|x64
		{A7DEE1A2-B1C6-48D4-8334-84FF58DF0007}.Release|x64.Build.0 = Release|x64
		{A7DEE1A2-B1C6-48D4-8334-84FF58DF0007}.Release|x86.ActiveCfg = Release|Win32
		{A7DEE1A2-B1C6-48D4-8334-84FF58DF0007}.Release|x86.Build.0 = Release|Win32
		{FD899433-9190-48DA-819B-2226835406CE}.Debug|x64.ActiveCfg = Debug|x64
		{FD899433-9190-48DA-819B-2226835406CE}.Debug|x64.Build.0 = Debug|x64
		{FD899433-9190-48DA-819B-2226835406CE}.Debug|x86.ActiveCfg = Debug|Win32
		{FD899433-9190-48DA-819B-2226835406CE}.Debug|x86.Build.0 = Debug|Win32
		{FD899433-9190-48DA-819B-2226835406CE}.Release|x64.ActiveCfg = Release|x64
		{FD899433-9190-48DA-819B-2226835406CE}.Release|x64.Build.0 = Release|x64
		{FD899433-9190-48DA-819B-2226835406CE}.Release|x86.ActiveCfg = Release|Win32
		{FD899433-9190-48DA-819B-2226835406CE}.Release|x86.Build.0 = Release|Win32
	EndGlobalSection
	GlobalSection(SolutionProperties) = preSolution
		HideSolutionNode = FALSE
	EndGlobalSection
	GlobalSection(ExtensibilityGlobals) = postSolution
		SolutionGuid = {B90A0B23-1EFC-4BF8-9090-6EEC346EFFE5}
	EndGlobalSection
EndGlobal
